// !$*UTF8*$!
{
	archiveVersion = 1;
	classes = {
	};
	objectVersion = 56;
	objects = {

/* Begin PBXBuildFile section */
		E5CB10532ADC632A0088E5F5 /* X_iOSApp.swift in Sources */ = {isa = PBXBuildFile; fileRef = E5CB10522ADC632A0088E5F5 /* X_iOSApp.swift */; };
		E5CB10552ADC632A0088E5F5 /* ContentView.swift in Sources */ = {isa = PBXBuildFile; fileRef = E5CB10542ADC632A0088E5F5 /* ContentView.swift */; };
		E5CB10572ADC632C0088E5F5 /* Assets.xcassets in Resources */ = {isa = PBXBuildFile; fileRef = E5CB10562ADC632C0088E5F5 /* Assets.xcassets */; };
		E5CB105B2ADC632C0088E5F5 /* Preview Assets.xcassets in Resources */ = {isa = PBXBuildFile; fileRef = E5CB105A2ADC632C0088E5F5 /* Preview Assets.xcassets */; };
		E5CB10702ADC65880088E5F5 /* Home.swift in Sources */ = {isa = PBXBuildFile; fileRef = E5CB106F2ADC65880088E5F5 /* Home.swift */; };
		E5CB10722ADC68C30088E5F5 /* Feed.swift in Sources */ = {isa = PBXBuildFile; fileRef = E5CB10712ADC68C30088E5F5 /* Feed.swift */; };
		E5CB10742ADC68F90088E5F5 /* SearchView.swift in Sources */ = {isa = PBXBuildFile; fileRef = E5CB10732ADC68F90088E5F5 /* SearchView.swift */; };
		E5CB10762ADC690A0088E5F5 /* NotificationsView.swift in Sources */ = {isa = PBXBuildFile; fileRef = E5CB10752ADC690A0088E5F5 /* NotificationsView.swift */; };
		E5CB10782ADC69130088E5F5 /* MessagesView.swift in Sources */ = {isa = PBXBuildFile; fileRef = E5CB10772ADC69130088E5F5 /* MessagesView.swift */; };
		E5CB107A2ADCB63E0088E5F5 /* CreateTweetView.swift in Sources */ = {isa = PBXBuildFile; fileRef = E5CB10792ADCB63E0088E5F5 /* CreateTweetView.swift */; };
		E5CB107C2ADCB9CE0088E5F5 /* MultilineTextField.swift in Sources */ = {isa = PBXBuildFile; fileRef = E5CB107B2ADCB9CE0088E5F5 /* MultilineTextField.swift */; };
/* End PBXBuildFile section */

/* Begin PBXFileReference section */
		E5CB104F2ADC632A0088E5F5 /* X-iOS.app */ = {isa = PBXFileReference; explicitFileType = wrapper.application; includeInIndex = 0; path = "X-iOS.app"; sourceTree = BUILT_PRODUCTS_DIR; };
		E5CB10522ADC632A0088E5F5 /* X_iOSApp.swift */ = {isa = PBXFileReference; lastKnownFileType = sourcecode.swift; path = X_iOSApp.swift; sourceTree = "<group>"; };
		E5CB10542ADC632A0088E5F5 /* ContentView.swift */ = {isa = PBXFileReference; lastKnownFileType = sourcecode.swift; path = ContentView.swift; sourceTree = "<group>"; };
		E5CB10562ADC632C0088E5F5 /* Assets.xcassets */ = {isa = PBXFileReference; lastKnownFileType = folder.assetcatalog; path = Assets.xcassets; sourceTree = "<group>"; };
		E5CB10582ADC632C0088E5F5 /* X_iOS.entitlements */ = {isa = PBXFileReference; lastKnownFileType = text.plist.entitlements; path = X_iOS.entitlements; sourceTree = "<group>"; };
		E5CB105A2ADC632C0088E5F5 /* Preview Assets.xcassets */ = {isa = PBXFileReference; lastKnownFileType = folder.assetcatalog; path = "Preview Assets.xcassets"; sourceTree = "<group>"; };
		E5CB106F2ADC65880088E5F5 /* Home.swift */ = {isa = PBXFileReference; lastKnownFileType = sourcecode.swift; path = Home.swift; sourceTree = "<group>"; };
		E5CB10712ADC68C30088E5F5 /* Feed.swift */ = {isa = PBXFileReference; lastKnownFileType = sourcecode.swift; path = Feed.swift; sourceTree = "<group>"; };
		E5CB10732ADC68F90088E5F5 /* SearchView.swift */ = {isa = PBXFileReference; lastKnownFileType = sourcecode.swift; path = SearchView.swift; sourceTree = "<group>"; };
		E5CB10752ADC690A0088E5F5 /* NotificationsView.swift */ = {isa = PBXFileReference; lastKnownFileType = sourcecode.swift; path = NotificationsView.swift; sourceTree = "<group>"; };
		E5CB10772ADC69130088E5F5 /* MessagesView.swift */ = {isa = PBXFileReference; lastKnownFileType = sourcecode.swift; path = MessagesView.swift; sourceTree = "<group>"; };
		E5CB10792ADCB63E0088E5F5 /* CreateTweetView.swift */ = {isa = PBXFileReference; lastKnownFileType = sourcecode.swift; path = CreateTweetView.swift; sourceTree = "<group>"; };
		E5CB107B2ADCB9CE0088E5F5 /* MultilineTextField.swift */ = {isa = PBXFileReference; lastKnownFileType = sourcecode.swift; path = MultilineTextField.swift; sourceTree = "<group>"; };
/* End PBXFileReference section */

/* Begin PBXFrameworksBuildPhase section */
		E5CB104C2ADC632A0088E5F5 /* Frameworks */ = {
			isa = PBXFrameworksBuildPhase;
			buildActionMask = 2147483647;
			files = (
			);
			runOnlyForDeploymentPostprocessing = 0;
		};
/* End PBXFrameworksBuildPhase section */

/* Begin PBXGroup section */
		E5CB10462ADC632A0088E5F5 = {
			isa = PBXGroup;
			children = (
				E5CB10512ADC632A0088E5F5 /* X-iOS */,
				E5CB10502ADC632A0088E5F5 /* Products */,
			);
			sourceTree = "<group>";
		};
		E5CB10502ADC632A0088E5F5 /* Products */ = {
			isa = PBXGroup;
			children = (
				E5CB104F2ADC632A0088E5F5 /* X-iOS.app */,
			);
			name = Products;
			sourceTree = "<group>";
		};
		E5CB10512ADC632A0088E5F5 /* X-iOS */ = {
			isa = PBXGroup;
			children = (
				E5CB10652ADC64570088E5F5 /* Extensions */,
				E5CB10642ADC644C0088E5F5 /* Services */,
				E5CB10632ADC64430088E5F5 /* Model */,
				E5CB10622ADC643A0088E5F5 /* ViewModel */,
				E5CB10612ADC64080088E5F5 /* View */,
				E5CB10522ADC632A0088E5F5 /* X_iOSApp.swift */,
				E5CB10542ADC632A0088E5F5 /* ContentView.swift */,
				E5CB10562ADC632C0088E5F5 /* Assets.xcassets */,
				E5CB10582ADC632C0088E5F5 /* X_iOS.entitlements */,
				E5CB10592ADC632C0088E5F5 /* Preview Content */,
			);
			path = "X-iOS";
			sourceTree = "<group>";
		};
		E5CB10592ADC632C0088E5F5 /* Preview Content */ = {
			isa = PBXGroup;
			children = (
				E5CB105A2ADC632C0088E5F5 /* Preview Assets.xcassets */,
			);
			path = "Preview Content";
			sourceTree = "<group>";
		};
		E5CB10612ADC64080088E5F5 /* View */ = {
			isa = PBXGroup;
			children = (
				E5CB106E2ADC654C0088E5F5 /* Main */,
				E5CB106D2ADC65480088E5F5 /* Feed */,
				E5CB106C2ADC65400088E5F5 /* Search */,
				E5CB106B2ADC65380088E5F5 /* Notifications */,
				E5CB106A2ADC652F0088E5F5 /* Messages */,
				E5CB10692ADC65250088E5F5 /* Authentication */,
				E5CB10682ADC651D0088E5F5 /* Items */,
				E5CB10672ADC65180088E5F5 /* Post */,
				E5CB10662ADC65070088E5F5 /* Profile */,
			);
			path = View;
			sourceTree = "<group>";
		};
		E5CB10622ADC643A0088E5F5 /* ViewModel */ = {
			isa = PBXGroup;
			children = (
			);
			path = ViewModel;
			sourceTree = "<group>";
		};
		E5CB10632ADC64430088E5F5 /* Model */ = {
			isa = PBXGroup;
			children = (
			);
			path = Model;
			sourceTree = "<group>";
		};
		E5CB10642ADC644C0088E5F5 /* Services */ = {
			isa = PBXGroup;
			children = (
			);
			path = Services;
			sourceTree = "<group>";
		};
		E5CB10652ADC64570088E5F5 /* Extensions */ = {
			isa = PBXGroup;
			children = (
			);
			path = Extensions;
			sourceTree = "<group>";
		};
		E5CB10662ADC65070088E5F5 /* Profile */ = {
			isa = PBXGroup;
			children = (
			);
			path = Profile;
			sourceTree = "<group>";
		};
		E5CB10672ADC65180088E5F5 /* Post */ = {
			isa = PBXGroup;
			children = (
				E5CB10792ADCB63E0088E5F5 /* CreateTweetView.swift */,
			);
			path = Post;
			sourceTree = "<group>";
		};
		E5CB10682ADC651D0088E5F5 /* Items */ = {
			isa = PBXGroup;
			children = (
				E5CB107B2ADCB9CE0088E5F5 /* MultilineTextField.swift */,
			);
			path = Items;
			sourceTree = "<group>";
		};
		E5CB10692ADC65250088E5F5 /* Authentication */ = {
			isa = PBXGroup;
			children = (
			);
			path = Authentication;
			sourceTree = "<group>";
		};
		E5CB106A2ADC652F0088E5F5 /* Messages */ = {
			isa = PBXGroup;
			children = (
				E5CB10772ADC69130088E5F5 /* MessagesView.swift */,
			);
			path = Messages;
			sourceTree = "<group>";
		};
		E5CB106B2ADC65380088E5F5 /* Notifications */ = {
			isa = PBXGroup;
			children = (
				E5CB10752ADC690A0088E5F5 /* NotificationsView.swift */,
			);
			path = Notifications;
			sourceTree = "<group>";
		};
		E5CB106C2ADC65400088E5F5 /* Search */ = {
			isa = PBXGroup;
			children = (
				E5CB10732ADC68F90088E5F5 /* SearchView.swift */,
			);
			path = Search;
			sourceTree = "<group>";
		};
		E5CB106D2ADC65480088E5F5 /* Feed */ = {
			isa = PBXGroup;
			children = (
				E5CB10712ADC68C30088E5F5 /* Feed.swift */,
			);
			path = Feed;
			sourceTree = "<group>";
		};
		E5CB106E2ADC654C0088E5F5 /* Main */ = {
			isa = PBXGroup;
			children = (
				E5CB106F2ADC65880088E5F5 /* Home.swift */,
			);
			path = Main;
			sourceTree = "<group>";
		};
/* End PBXGroup section */

/* Begin PBXNativeTarget section */
		E5CB104E2ADC632A0088E5F5 /* X-iOS */ = {
			isa = PBXNativeTarget;
			buildConfigurationList = E5CB105E2ADC632C0088E5F5 /* Build configuration list for PBXNativeTarget "X-iOS" */;
			buildPhases = (
				E5CB104B2ADC632A0088E5F5 /* Sources */,
				E5CB104C2ADC632A0088E5F5 /* Frameworks */,
				E5CB104D2ADC632A0088E5F5 /* Resources */,
			);
			buildRules = (
			);
			dependencies = (
			);
			name = "X-iOS";
			productName = "X-iOS";
			productReference = E5CB104F2ADC632A0088E5F5 /* X-iOS.app */;
			productType = "com.apple.product-type.application";
		};
/* End PBXNativeTarget section */

/* Begin PBXProject section */
		E5CB10472ADC632A0088E5F5 /* Project object */ = {
			isa = PBXProject;
			attributes = {
				BuildIndependentTargetsInParallel = 1;
				LastSwiftUpdateCheck = 1430;
				LastUpgradeCheck = 1430;
				TargetAttributes = {
					E5CB104E2ADC632A0088E5F5 = {
						CreatedOnToolsVersion = 14.3.1;
					};
				};
			};
			buildConfigurationList = E5CB104A2ADC632A0088E5F5 /* Build configuration list for PBXProject "X-iOS" */;
			compatibilityVersion = "Xcode 14.0";
			developmentRegion = en;
			hasScannedForEncodings = 0;
			knownRegions = (
				en,
				Base,
			);
			mainGroup = E5CB10462ADC632A0088E5F5;
			productRefGroup = E5CB10502ADC632A0088E5F5 /* Products */;
			projectDirPath = "";
			projectRoot = "";
			targets = (
				E5CB104E2ADC632A0088E5F5 /* X-iOS */,
			);
		};
/* End PBXProject section */

/* Begin PBXResourcesBuildPhase section */
		E5CB104D2ADC632A0088E5F5 /* Resources */ = {
			isa = PBXResourcesBuildPhase;
			buildActionMask = 2147483647;
			files = (
				E5CB105B2ADC632C0088E5F5 /* Preview Assets.xcassets in Resources */,
				E5CB10572ADC632C0088E5F5 /* Assets.xcassets in Resources */,
			);
			runOnlyForDeploymentPostprocessing = 0;
		};
/* End PBXResourcesBuildPhase section */

/* Begin PBXSourcesBuildPhase section */
		E5CB104B2ADC632A0088E5F5 /* Sources */ = {
			isa = PBXSourcesBuildPhase;
			buildActionMask = 2147483647;
			files = (
				E5CB107A2ADCB63E0088E5F5 /* CreateTweetView.swift in Sources */,
				E5CB10742ADC68F90088E5F5 /* SearchView.swift in Sources */,
				E5CB10552ADC632A0088E5F5 /* ContentView.swift in Sources */,
				E5CB10722ADC68C30088E5F5 /* Feed.swift in Sources */,
				E5CB10702ADC65880088E5F5 /* Home.swift in Sources */,
				E5CB10782ADC69130088E5F5 /* MessagesView.swift in Sources */,
				E5CB107C2ADCB9CE0088E5F5 /* MultilineTextField.swift in Sources */,
				E5CB10532ADC632A0088E5F5 /* X_iOSApp.swift in Sources */,
				E5CB10762ADC690A0088E5F5 /* NotificationsView.swift in Sources */,
			);
			runOnlyForDeploymentPostprocessing = 0;
		};
/* End PBXSourcesBuildPhase section */

/* Begin XCBuildConfiguration section */
		E5CB105C2ADC632C0088E5F5 /* Debug */ = {
			isa = XCBuildConfiguration;
			buildSettings = {
				ALWAYS_SEARCH_USER_PATHS = NO;
				CLANG_ANALYZER_NONNULL = YES;
				CLANG_ANALYZER_NUMBER_OBJECT_CONVERSION = YES_AGGRESSIVE;
				CLANG_CXX_LANGUAGE_STANDARD = "gnu++20";
				CLANG_ENABLE_MODULES = YES;
				CLANG_ENABLE_OBJC_ARC = YES;
				CLANG_ENABLE_OBJC_WEAK = YES;
				CLANG_WARN_BLOCK_CAPTURE_AUTORELEASING = YES;
				CLANG_WARN_BOOL_CONVERSION = YES;
				CLANG_WARN_COMMA = YES;
				CLANG_WARN_CONSTANT_CONVERSION = YES;
				CLANG_WARN_DEPRECATED_OBJC_IMPLEMENTATIONS = YES;
				CLANG_WARN_DIRECT_OBJC_ISA_USAGE = YES_ERROR;
				CLANG_WARN_DOCUMENTATION_COMMENTS = YES;
				CLANG_WARN_EMPTY_BODY = YES;
				CLANG_WARN_ENUM_CONVERSION = YES;
				CLANG_WARN_INFINITE_RECURSION = YES;
				CLANG_WARN_INT_CONVERSION = YES;
				CLANG_WARN_NON_LITERAL_NULL_CONVERSION = YES;
				CLANG_WARN_OBJC_IMPLICIT_RETAIN_SELF = YES;
				CLANG_WARN_OBJC_LITERAL_CONVERSION = YES;
				CLANG_WARN_OBJC_ROOT_CLASS = YES_ERROR;
				CLANG_WARN_QUOTED_INCLUDE_IN_FRAMEWORK_HEADER = YES;
				CLANG_WARN_RANGE_LOOP_ANALYSIS = YES;
				CLANG_WARN_STRICT_PROTOTYPES = YES;
				CLANG_WARN_SUSPICIOUS_MOVE = YES;
				CLANG_WARN_UNGUARDED_AVAILABILITY = YES_AGGRESSIVE;
				CLANG_WARN_UNREACHABLE_CODE = YES;
				CLANG_WARN__DUPLICATE_METHOD_MATCH = YES;
				COPY_PHASE_STRIP = NO;
				DEBUG_INFORMATION_FORMAT = dwarf;
				ENABLE_STRICT_OBJC_MSGSEND = YES;
				ENABLE_TESTABILITY = YES;
				GCC_C_LANGUAGE_STANDARD = gnu11;
				GCC_DYNAMIC_NO_PIC = NO;
				GCC_NO_COMMON_BLOCKS = YES;
				GCC_OPTIMIZATION_LEVEL = 0;
				GCC_PREPROCESSOR_DEFINITIONS = (
					"DEBUG=1",
					"$(inherited)",
				);
				GCC_WARN_64_TO_32_BIT_CONVERSION = YES;
				GCC_WARN_ABOUT_RETURN_TYPE = YES_ERROR;
				GCC_WARN_UNDECLARED_SELECTOR = YES;
				GCC_WARN_UNINITIALIZED_AUTOS = YES_AGGRESSIVE;
				GCC_WARN_UNUSED_FUNCTION = YES;
				GCC_WARN_UNUSED_VARIABLE = YES;
				MTL_ENABLE_DEBUG_INFO = INCLUDE_SOURCE;
				MTL_FAST_MATH = YES;
				ONLY_ACTIVE_ARCH = YES;
				SWIFT_ACTIVE_COMPILATION_CONDITIONS = DEBUG;
				SWIFT_OPTIMIZATION_LEVEL = "-Onone";
			};
			name = Debug;
		};
		E5CB105D2ADC632C0088E5F5 /* Release */ = {
			isa = XCBuildConfiguration;
			buildSettings = {
				ALWAYS_SEARCH_USER_PATHS = NO;
				CLANG_ANALYZER_NONNULL = YES;
				CLANG_ANALYZER_NUMBER_OBJECT_CONVERSION = YES_AGGRESSIVE;
				CLANG_CXX_LANGUAGE_STANDARD = "gnu++20";
				CLANG_ENABLE_MODULES = YES;
				CLANG_ENABLE_OBJC_ARC = YES;
				CLANG_ENABLE_OBJC_WEAK = YES;
				CLANG_WARN_BLOCK_CAPTURE_AUTORELEASING = YES;
				CLANG_WARN_BOOL_CONVERSION = YES;
				CLANG_WARN_COMMA = YES;
				CLANG_WARN_CONSTANT_CONVERSION = YES;
				CLANG_WARN_DEPRECATED_OBJC_IMPLEMENTATIONS = YES;
				CLANG_WARN_DIRECT_OBJC_ISA_USAGE = YES_ERROR;
				CLANG_WARN_DOCUMENTATION_COMMENTS = YES;
				CLANG_WARN_EMPTY_BODY = YES;
				CLANG_WARN_ENUM_CONVERSION = YES;
				CLANG_WARN_INFINITE_RECURSION = YES;
				CLANG_WARN_INT_CONVERSION = YES;
				CLANG_WARN_NON_LITERAL_NULL_CONVERSION = YES;
				CLANG_WARN_OBJC_IMPLICIT_RETAIN_SELF = YES;
				CLANG_WARN_OBJC_LITERAL_CONVERSION = YES;
				CLANG_WARN_OBJC_ROOT_CLASS = YES_ERROR;
				CLANG_WARN_QUOTED_INCLUDE_IN_FRAMEWORK_HEADER = YES;
				CLANG_WARN_RANGE_LOOP_ANALYSIS = YES;
				CLANG_WARN_STRICT_PROTOTYPES = YES;
				CLANG_WARN_SUSPICIOUS_MOVE = YES;
				CLANG_WARN_UNGUARDED_AVAILABILITY = YES_AGGRESSIVE;
				CLANG_WARN_UNREACHABLE_CODE = YES;
				CLANG_WARN__DUPLICATE_METHOD_MATCH = YES;
				COPY_PHASE_STRIP = NO;
				DEBUG_INFORMATION_FORMAT = "dwarf-with-dsym";
				ENABLE_NS_ASSERTIONS = NO;
				ENABLE_STRICT_OBJC_MSGSEND = YES;
				GCC_C_LANGUAGE_STANDARD = gnu11;
				GCC_NO_COMMON_BLOCKS = YES;
				GCC_WARN_64_TO_32_BIT_CONVERSION = YES;
				GCC_WARN_ABOUT_RETURN_TYPE = YES_ERROR;
				GCC_WARN_UNDECLARED_SELECTOR = YES;
				GCC_WARN_UNINITIALIZED_AUTOS = YES_AGGRESSIVE;
				GCC_WARN_UNUSED_FUNCTION = YES;
				GCC_WARN_UNUSED_VARIABLE = YES;
				MTL_ENABLE_DEBUG_INFO = NO;
				MTL_FAST_MATH = YES;
				SWIFT_COMPILATION_MODE = wholemodule;
				SWIFT_OPTIMIZATION_LEVEL = "-O";
			};
			name = Release;
		};
		E5CB105F2ADC632C0088E5F5 /* Debug */ = {
			isa = XCBuildConfiguration;
			buildSettings = {
				ASSETCATALOG_COMPILER_APPICON_NAME = AppIcon;
				ASSETCATALOG_COMPILER_GLOBAL_ACCENT_COLOR_NAME = AccentColor;
				CODE_SIGN_ENTITLEMENTS = "X-iOS/X_iOS.entitlements";
				CODE_SIGN_STYLE = Automatic;
				CURRENT_PROJECT_VERSION = 1;
				DEVELOPMENT_ASSET_PATHS = "\"X-iOS/Preview Content\"";
				DEVELOPMENT_TEAM = CV3KCH4329;
				ENABLE_HARDENED_RUNTIME = YES;
				ENABLE_PREVIEWS = YES;
				GENERATE_INFOPLIST_FILE = YES;
				"INFOPLIST_KEY_UIApplicationSceneManifest_Generation[sdk=iphoneos*]" = YES;
				"INFOPLIST_KEY_UIApplicationSceneManifest_Generation[sdk=iphonesimulator*]" = YES;
				"INFOPLIST_KEY_UIApplicationSupportsIndirectInputEvents[sdk=iphoneos*]" = YES;
				"INFOPLIST_KEY_UIApplicationSupportsIndirectInputEvents[sdk=iphonesimulator*]" = YES;
				"INFOPLIST_KEY_UILaunchScreen_Generation[sdk=iphoneos*]" = YES;
				"INFOPLIST_KEY_UILaunchScreen_Generation[sdk=iphonesimulator*]" = YES;
				"INFOPLIST_KEY_UIStatusBarStyle[sdk=iphoneos*]" = UIStatusBarStyleDefault;
				"INFOPLIST_KEY_UIStatusBarStyle[sdk=iphonesimulator*]" = UIStatusBarStyleDefault;
				INFOPLIST_KEY_UISupportedInterfaceOrientations_iPad = "UIInterfaceOrientationPortrait UIInterfaceOrientationPortraitUpsideDown UIInterfaceOrientationLandscapeLeft UIInterfaceOrientationLandscapeRight";
				INFOPLIST_KEY_UISupportedInterfaceOrientations_iPhone = "UIInterfaceOrientationPortrait UIInterfaceOrientationLandscapeLeft UIInterfaceOrientationLandscapeRight";
				IPHONEOS_DEPLOYMENT_TARGET = 16.4;
				LD_RUNPATH_SEARCH_PATHS = "@executable_path/Frameworks";
				"LD_RUNPATH_SEARCH_PATHS[sdk=macosx*]" = "@executable_path/../Frameworks";
				MACOSX_DEPLOYMENT_TARGET = 13.2;
				MARKETING_VERSION = 1.0;
				PRODUCT_BUNDLE_IDENTIFIER = "clone.X-iOS";
				PRODUCT_NAME = "$(TARGET_NAME)";
				SDKROOT = auto;
				SUPPORTED_PLATFORMS = "iphoneos iphonesimulator macosx";
				SWIFT_EMIT_LOC_STRINGS = YES;
				SWIFT_VERSION = 5.0;
				TARGETED_DEVICE_FAMILY = "1,2";
			};
			name = Debug;
		};
		E5CB10602ADC632C0088E5F5 /* Release */ = {
			isa = XCBuildConfiguration;
			buildSettings = {
				ASSETCATALOG_COMPILER_APPICON_NAME = AppIcon;
				ASSETCATALOG_COMPILER_GLOBAL_ACCENT_COLOR_NAME = AccentColor;
				CODE_SIGN_ENTITLEMENTS = "X-iOS/X_iOS.entitlements";
				CODE_SIGN_STYLE = Automatic;
				CURRENT_PROJECT_VERSION = 1;
				DEVELOPMENT_ASSET_PATHS = "\"X-iOS/Preview Content\"";
				DEVELOPMENT_TEAM = CV3KCH4329;
				ENABLE_HARDENED_RUNTIME = YES;
				ENABLE_PREVIEWS = YES;
				GENERATE_INFOPLIST_FILE = YES;
				"INFOPLIST_KEY_UIApplicationSceneManifest_Generation[sdk=iphoneos*]" = YES;
				"INFOPLIST_KEY_UIApplicationSceneManifest_Generation[sdk=iphonesimulator*]" = YES;
				"INFOPLIST_KEY_UIApplicationSupportsIndirectInputEvents[sdk=iphoneos*]" = YES;
				"INFOPLIST_KEY_UIApplicationSupportsIndirectInputEvents[sdk=iphonesimulator*]" = YES;
				"INFOPLIST_KEY_UILaunchScreen_Generation[sdk=iphoneos*]" = YES;
				"INFOPLIST_KEY_UILaunchScreen_Generation[sdk=iphonesimulator*]" = YES;
				"INFOPLIST_KEY_UIStatusBarStyle[sdk=iphoneos*]" = UIStatusBarStyleDefault;
				"INFOPLIST_KEY_UIStatusBarStyle[sdk=iphonesimulator*]" = UIStatusBarStyleDefault;
				INFOPLIST_KEY_UISupportedInterfaceOrientations_iPad = "UIInterfaceOrientationPortrait UIInterfaceOrientationPortraitUpsideDown UIInterfaceOrientationLandscapeLeft UIInterfaceOrientationLandscapeRight";
				INFOPLIST_KEY_UISupportedInterfaceOrientations_iPhone = "UIInterfaceOrientationPortrait UIInterfaceOrientationLandscapeLeft UIInterfaceOrientationLandscapeRight";
				IPHONEOS_DEPLOYMENT_TARGET = 16.4;
				LD_RUNPATH_SEARCH_PATHS = "@executable_path/Frameworks";
				"LD_RUNPATH_SEARCH_PATHS[sdk=macosx*]" = "@executable_path/../Frameworks";
				MACOSX_DEPLOYMENT_TARGET = 13.2;
				MARKETING_VERSION = 1.0;
				PRODUCT_BUNDLE_IDENTIFIER = "clone.X-iOS";
				PRODUCT_NAME = "$(TARGET_NAME)";
				SDKROOT = auto;
				SUPPORTED_PLATFORMS = "iphoneos iphonesimulator macosx";
				SWIFT_EMIT_LOC_STRINGS = YES;
				SWIFT_VERSION = 5.0;
				TARGETED_DEVICE_FAMILY = "1,2";
			};
			name = Release;
		};
/* End XCBuildConfiguration section */

/* Begin XCConfigurationList section */
		E5CB104A2ADC632A0088E5F5 /* Build configuration list for PBXProject "X-iOS" */ = {
			isa = XCConfigurationList;
			buildConfigurations = (
				E5CB105C2ADC632C0088E5F5 /* Debug */,
				E5CB105D2ADC632C0088E5F5 /* Release */,
			);
			defaultConfigurationIsVisible = 0;
			defaultConfigurationName = Release;
		};
		E5CB105E2ADC632C0088E5F5 /* Build configuration list for PBXNativeTarget "X-iOS" */ = {
			isa = XCConfigurationList;
			buildConfigurations = (
				E5CB105F2ADC632C0088E5F5 /* Debug */,
				E5CB10602ADC632C0088E5F5 /* Release */,
			);
			defaultConfigurationIsVisible = 0;
			defaultConfigurationName = Release;
		};
/* End XCConfigurationList section */
	};
	rootObject = E5CB10472ADC632A0088E5F5 /* Project object */;
}
